{
    "_meta": {
        "hash": {
            "sha256": "9501269a332951698d732249079da2148a6ab35ca533054523d12d590886b9fd"
        },
        "pipfile-spec": 6,
        "requires": {
            "python_version": "3.7"
        },
        "sources": [
            {
                "name": "pypi",
                "url": "https://pypi.org/simple",
                "verify_ssl": true
            }
        ]
    },
    "default": {
        "certifi": {
            "hashes": [
                "sha256:2bbf76fd432960138b3ef6dda3dde0544f27cbf8546c458e60baf371917ba9ee",
                "sha256:50b1e4f8446b06f41be7dd6338db18e0990601dce795c2b1686458aa7e8fa7d8"
            ],
            "version": "==2021.5.30"
        },
        "charset-normalizer": {
            "hashes": [
                "sha256:0c8911edd15d19223366a194a513099a302055a962bca2cec0f54b8b63175d8b",
                "sha256:f23667ebe1084be45f6ae0538e4a5a865206544097e4e8bbcacf42cd02a348f3"
            ],
            "markers": "python_version >= '3'",
            "version": "==2.0.4"
        },
        "cycler": {
            "hashes": [
                "sha256:1d8a5ae1ff6c5cf9b93e8811e581232ad8920aeec647c37316ceac982b08cb2d",
                "sha256:cd7b2d1018258d7247a71425e9f26463dfb444d411c39569972f4ce586b0c9d8"
            ],
            "version": "==0.10.0"
        },
        "idna": {
            "hashes": [
                "sha256:14475042e284991034cb48e06f6851428fb14c4dc953acd9be9a5e95c7b6dd7a",
                "sha256:467fbad99067910785144ce333826c71fb0e63a425657295239737f7ecd125f3"
            ],
            "markers": "python_version >= '3'",
            "version": "==3.2"
        },
        "immutables": {
            "hashes": [
                "sha256:1e4f4513254ef11e0230a558ee0dcb4551b914993c330005d15338da595d3750",
                "sha256:228e38dc7a810ba4ff88909908ac47f840e5dc6c4c0da6b25009c626a9ae771c",
                "sha256:2ae88fbfe1d04f4e5859c924e97313edf70e72b4f19871bf329b96a67ede9ba0",
                "sha256:2d32b61c222cba1dd11f0faff67c7fb6204ef1982454e1b5b001d4b79966ef17",
                "sha256:35af186bfac5b62522fdf2cab11120d7b0547f405aa399b6a1e443cf5f5e318c",
                "sha256:63023fa0cceedc62e0d1535cd4ca7a1f6df3120a6d8e5c34e89037402a6fd809",
                "sha256:6bf5857f42a96331fd0929c357dc0b36a72f339f3b6acaf870b149c96b141f69",
                "sha256:7bb1590024a032c7a57f79faf8c8ff5e91340662550d2980e0177f67e66e9c9c",
                "sha256:7c090687d7e623d4eca22962635b5e1a1ee2d6f9a9aca2f3fb5a184a1ffef1f2",
                "sha256:bc36a0a8749881eebd753f696b081bd51145e4d77291d671d2e2f622e5b65d2f",
                "sha256:d9fc6a236018d99af6453ead945a6bb55f98d14b1801a2c229dd993edc753a00"
            ],
            "version": "==0.6"
        },
        "kiwisolver": {
            "hashes": [
                "sha256:0007840186bacfaa0aba4466d5890334ea5938e0bb7e28078a0eb0e63b5b59d5",
                "sha256:19554bd8d54cf41139f376753af1a644b63c9ca93f8f72009d50a2080f870f77",
                "sha256:1d45d1c74f88b9f41062716c727f78f2a59a5476ecbe74956fafb423c5c87a76",
                "sha256:1d819553730d3c2724582124aee8a03c846ec4362ded1034c16fb3ef309264e6",
                "sha256:2210f28778c7d2ee13f3c2a20a3a22db889e75f4ec13a21072eabb5693801e84",
                "sha256:22521219ca739654a296eea6d4367703558fba16f98688bd8ce65abff36eaa84",
                "sha256:25405f88a37c5f5bcba01c6e350086d65e7465fd1caaf986333d2a045045a223",
                "sha256:2b65bd35f3e06a47b5c30ea99e0c2b88f72c6476eedaf8cfbc8e66adb5479dcf",
                "sha256:2ddb500a2808c100e72c075cbb00bf32e62763c82b6a882d403f01a119e3f402",
                "sha256:2f8f6c8f4f1cff93ca5058d6ec5f0efda922ecb3f4c5fb76181f327decff98b8",
                "sha256:30fa008c172355c7768159983a7270cb23838c4d7db73d6c0f6b60dde0d432c6",
                "sha256:3dbb3cea20b4af4f49f84cffaf45dd5f88e8594d18568e0225e6ad9dec0e7967",
                "sha256:4116ba9a58109ed5e4cb315bdcbff9838f3159d099ba5259c7c7fb77f8537492",
                "sha256:44e6adf67577dbdfa2d9f06db9fbc5639afefdb5bf2b4dfec25c3a7fbc619536",
                "sha256:5326ddfacbe51abf9469fe668944bc2e399181a2158cb5d45e1d40856b2a0589",
                "sha256:70adc3658138bc77a36ce769f5f183169bc0a2906a4f61f09673f7181255ac9b",
                "sha256:72be6ebb4e92520b9726d7146bc9c9b277513a57a38efcf66db0620aec0097e0",
                "sha256:7843b1624d6ccca403a610d1277f7c28ad184c5aa88a1750c1a999754e65b439",
                "sha256:7ba5a1041480c6e0a8b11a9544d53562abc2d19220bfa14133e0cdd9967e97af",
                "sha256:80efd202108c3a4150e042b269f7c78643420cc232a0a771743bb96b742f838f",
                "sha256:82f49c5a79d3839bc8f38cb5f4bfc87e15f04cbafa5fbd12fb32c941cb529cfb",
                "sha256:83d2c9db5dfc537d0171e32de160461230eb14663299b7e6d18ca6dca21e4977",
                "sha256:8d93a1095f83e908fc253f2fb569c2711414c0bfd451cab580466465b235b470",
                "sha256:8dc3d842fa41a33fe83d9f5c66c0cc1f28756530cd89944b63b072281e852031",
                "sha256:9661a04ca3c950a8ac8c47f53cbc0b530bce1b52f516a1e87b7736fec24bfff0",
                "sha256:a498bcd005e8a3fedd0022bb30ee0ad92728154a8798b703f394484452550507",
                "sha256:a7a4cf5bbdc861987a7745aed7a536c6405256853c94abc9f3287c3fa401b174",
                "sha256:b5074fb09429f2b7bc82b6fb4be8645dcbac14e592128beeff5461dcde0af09f",
                "sha256:b6a5431940f28b6de123de42f0eb47b84a073ee3c3345dc109ad550a3307dd28",
                "sha256:ba677bcaff9429fd1bf01648ad0901cea56c0d068df383d5f5856d88221fe75b",
                "sha256:bcadb05c3d4794eb9eee1dddf1c24215c92fb7b55a80beae7a60530a91060560",
                "sha256:bf7eb45d14fc036514c09554bf983f2a72323254912ed0c3c8e697b62c4c158f",
                "sha256:c358721aebd40c243894298f685a19eb0491a5c3e0b923b9f887ef1193ddf829",
                "sha256:c4550a359c5157aaf8507e6820d98682872b9100ce7607f8aa070b4b8af6c298",
                "sha256:c6572c2dab23c86a14e82c245473d45b4c515314f1f859e92608dcafbd2f19b8",
                "sha256:cba430db673c29376135e695c6e2501c44c256a81495da849e85d1793ee975ad",
                "sha256:dedc71c8eb9c5096037766390172c34fb86ef048b8e8958b4e484b9e505d66bc",
                "sha256:e6f5eb2f53fac7d408a45fbcdeda7224b1cfff64919d0f95473420a931347ae9",
                "sha256:ec2eba188c1906b05b9b49ae55aae4efd8150c61ba450e6721f64620c50b59eb",
                "sha256:ee040a7de8d295dbd261ef2d6d3192f13e2b08ec4a954de34a6fb8ff6422e24c",
                "sha256:eedd3b59190885d1ebdf6c5e0ca56828beb1949b4dfe6e5d0256a461429ac386",
                "sha256:f441422bb313ab25de7b3dbfd388e790eceb76ce01a18199ec4944b369017009",
                "sha256:f8eb7b6716f5b50e9c06207a14172cf2de201e41912ebe732846c02c830455b9",
                "sha256:fc4453705b81d03568d5b808ad8f09c77c47534f6ac2e72e733f9ca4714aa75c"
            ],
            "markers": "python_version >= '3.7'",
            "version": "==1.3.2"
        },
        "lark": {
            "hashes": [
                "sha256:3100d9749b5a85735ec428b83100876a5da664804579e729c23a36341f961e7e"
            ],
            "version": "==0.11.3"
        },
        "matplotlib": {
            "hashes": [
                "sha256:1f83a32e4b6045191f9d34e4dc68c0a17c870b57ef9cca518e516da591246e79",
                "sha256:2eee37340ca1b353e0a43a33da79d0cd4bcb087064a0c3c3d1329cdea8fbc6f3",
                "sha256:53ceb12ef44f8982b45adc7a0889a7e2df1d758e8b360f460e435abe8a8cd658",
                "sha256:574306171b84cd6854c83dc87bc353cacc0f60184149fb00c9ea871eca8c1ecb",
                "sha256:7561fd541477d41f3aa09457c434dd1f7604f3bd26d7858d52018f5dfe1c06d1",
                "sha256:7a54efd6fcad9cb3cd5ef2064b5a3eeb0b63c99f26c346bdcf66e7c98294d7cc",
                "sha256:7f16660edf9a8bcc0f766f51c9e1b9d2dc6ceff6bf636d2dbd8eb925d5832dfd",
                "sha256:81e6fe8b18ef5be67f40a1d4f07d5a4ed21d3878530193898449ddef7793952f",
                "sha256:84a10e462120aa7d9eb6186b50917ed5a6286ee61157bfc17c5b47987d1a9068",
                "sha256:84d4c4f650f356678a5d658a43ca21a41fca13f9b8b00169c0b76e6a6a948908",
                "sha256:86dc94e44403fa0f2b1dd76c9794d66a34e821361962fe7c4e078746362e3b14",
                "sha256:90dbc007f6389bcfd9ef4fe5d4c78c8d2efe4e0ebefd48b4f221cdfed5672be2",
                "sha256:9f374961a3996c2d1b41ba3145462c3708a89759e604112073ed6c8bdf9f622f",
                "sha256:a18cc1ab4a35b845cf33b7880c979f5c609fd26c2d6e74ddfacb73dcc60dd956",
                "sha256:a97781453ac79409ddf455fccf344860719d95142f9c334f2a8f3fff049ffec3",
                "sha256:a989022f89cda417f82dbf65e0a830832afd8af743d05d1414fb49549287ff04",
                "sha256:ac2a30a09984c2719f112a574b6543ccb82d020fd1b23b4d55bf4759ba8dd8f5",
                "sha256:be4430b33b25e127fc4ea239cc386389de420be4d63e71d5359c20b562951ce1",
                "sha256:c45e7bf89ea33a2adaef34774df4e692c7436a18a48bcb0e47a53e698a39fa39"
            ],
            "index": "pypi",
            "version": "==3.4.1"
        },
        "msgpack": {
            "hashes": [
                "sha256:0cc7ca04e575ba34fea7cfcd76039f55def570e6950e4155a4174368142c8e1b",
                "sha256:187794cd1eb73acccd528247e3565f6760bd842d7dc299241f830024a7dd5610",
                "sha256:1904b7cb65342d0998b75908304a03cb004c63ef31e16c8c43fee6b989d7f0d7",
                "sha256:229a0ccdc39e9b6c6d1033cd8aecd9c296823b6c87f0de3943c59b8bc7c64bee",
                "sha256:24149a75643aeaa81ece4259084d11b792308a6cf74e796cbb35def94c89a25a",
                "sha256:30b88c47e0cdb6062daed88ca283b0d84fa0d2ad6c273aa0788152a1c643e408",
                "sha256:32fea0ea3cd1ef820286863a6202dcfd62a539b8ec3edcbdff76068a8c2cc6ce",
                "sha256:355f7fd0f90134229eaeefaee3cf42e0afc8518e8f3cd4b25f541a7104dcb8f9",
                "sha256:4abdb88a9b67e64810fb54b0c24a1fd76b12297b4f7a1467d85a14dd8367191a",
                "sha256:757bd71a9b89e4f1db0622af4436d403e742506dbea978eba566815dc65ec895",
                "sha256:76df51492bc6fa6cc8b65d09efdb67cbba3cbfe55004c3afc81352af92b4a43c",
                "sha256:774f5edc3475917cd95fe593e625d23d8580f9b48b570d8853d06cac171cd170",
                "sha256:8a3ada8401736df2bf497f65589293a86c56e197a80ae7634ec2c3150a2f5082",
                "sha256:a06efd0482a1942aad209a6c18321b5e22d64eb531ea20af138b28172d8f35ba",
                "sha256:b24afc52e18dccc8c175de07c1d680bdf315844566f4952b5bedb908894bec79",
                "sha256:b8b4bd3dafc7b92608ae5462add1c8cc881851c2d4f5d8977fdea5b081d17f21",
                "sha256:c6e5024fc0cdf7f83b6624850309ddd7e06c48a75fa0d1c5173de4d93300eb19",
                "sha256:db7ff14abc73577b0bcbcf73ecff97d3580ecaa0fc8724babce21fdf3fe08ef6",
                "sha256:dedf54d72d9e7b6d043c244c8213fe2b8bbfe66874b9a65b39c4cc892dd99dd4",
                "sha256:ea3c2f859346fcd55fc46e96885301d9c2f7a36d453f5d8f2967840efa1e1830",
                "sha256:f0f47bafe9c9b8ed03e19a100a743662dd8c6d0135e684feea720a0d0046d116"
            ],
            "version": "==0.6.2"
        },
        "networkx": {
            "hashes": [
                "sha256:2306f1950ce772c5a59a57f5486d59bb9cab98497c45fc49cbc45ac0dec119bb",
                "sha256:5fcb7004be69e8fbdf07dcb502efa5c77cadcaad6982164134eeb9721f826c2e"
            ],
            "markers": "python_version >= '3.7'",
            "version": "==2.6.2"
        },
        "numpy": {
            "hashes": [
                "sha256:2428b109306075d89d21135bdd6b785f132a1f5a3260c371cee1fae427e12727",
                "sha256:377751954da04d4a6950191b20539066b4e19e3b559d4695399c5e8e3e683bf6",
                "sha256:4703b9e937df83f5b6b7447ca5912b5f5f297aba45f91dbbbc63ff9278c7aa98",
                "sha256:471c0571d0895c68da309dacee4e95a0811d0a9f9f532a48dc1bea5f3b7ad2b7",
                "sha256:61d5b4cf73622e4d0c6b83408a16631b670fc045afd6540679aa35591a17fe6d",
                "sha256:6c915ee7dba1071554e70a3664a839fbc033e1d6528199d4621eeaaa5487ccd2",
                "sha256:6e51e417d9ae2e7848314994e6fc3832c9d426abce9328cf7571eefceb43e6c9",
                "sha256:719656636c48be22c23641859ff2419b27b6bdf844b36a2447cb39caceb00935",
                "sha256:780ae5284cb770ade51d4b4a7dce4faa554eb1d88a56d0e8b9f35fca9b0270ff",
                "sha256:878922bf5ad7550aa044aa9301d417e2d3ae50f0f577de92051d739ac6096cee",
                "sha256:924dc3f83de20437de95a73516f36e09918e9c9c18d5eac520062c49191025fb",
                "sha256:97ce8b8ace7d3b9288d88177e66ee75480fb79b9cf745e91ecfe65d91a856042",
                "sha256:9c0fab855ae790ca74b27e55240fe4f2a36a364a3f1ebcfd1fb5ac4088f1cec3",
                "sha256:9cab23439eb1ebfed1aaec9cd42b7dc50fc96d5cd3147da348d9161f0501ada5",
                "sha256:a8e6859913ec8eeef3dbe9aed3bf475347642d1cdd6217c30f28dee8903528e6",
                "sha256:aa046527c04688af680217fffac61eec2350ef3f3d7320c07fd33f5c6e7b4d5f",
                "sha256:abc81829c4039e7e4c30f7897938fa5d4916a09c2c7eb9b244b7a35ddc9656f4",
                "sha256:bad70051de2c50b1a6259a6df1daaafe8c480ca98132da98976d8591c412e737",
                "sha256:c73a7975d77f15f7f68dacfb2bca3d3f479f158313642e8ea9058eea06637931",
                "sha256:d15007f857d6995db15195217afdbddfcd203dfaa0ba6878a2f580eaf810ecd6",
                "sha256:d76061ae5cab49b83a8cf3feacefc2053fac672728802ac137dd8c4123397677",
                "sha256:e8e4fbbb7e7634f263c5b0150a629342cc19b47c5eba8d1cd4363ab3455ab576",
                "sha256:e9459f40244bb02b2f14f6af0cd0732791d72232bbb0dc4bab57ef88e75f6935",
                "sha256:edb1f041a9146dcf02cd7df7187db46ab524b9af2515f392f337c7cbbf5b52cd"
            ],
            "index": "pypi",
            "version": "==1.20.2"
        },
        "pillow": {
            "hashes": [
                "sha256:0412516dcc9de9b0a1e0ae25a280015809de8270f134cc2c1e32c4eeb397cf30",
                "sha256:04835e68ef12904bc3e1fd002b33eea0779320d4346082bd5b24bec12ad9c3e9",
                "sha256:06d1adaa284696785375fa80a6a8eb309be722cf4ef8949518beb34487a3df71",
                "sha256:085a90a99404b859a4b6c3daa42afde17cb3ad3115e44a75f0d7b4a32f06a6c9",
                "sha256:0b9911ec70731711c3b6ebcde26caea620cbdd9dcb73c67b0730c8817f24711b",
                "sha256:10e00f7336780ca7d3653cf3ac26f068fa11b5a96894ea29a64d3dc4b810d630",
                "sha256:11c27e74bab423eb3c9232d97553111cc0be81b74b47165f07ebfdd29d825875",
                "sha256:11eb7f98165d56042545c9e6db3ce394ed8b45089a67124298f0473b29cb60b2",
                "sha256:13654b521fb98abdecec105ea3fb5ba863d1548c9b58831dd5105bb3873569f1",
                "sha256:15ccb81a6ffc57ea0137f9f3ac2737ffa1d11f786244d719639df17476d399a7",
                "sha256:18a07a683805d32826c09acfce44a90bf474e6a66ce482b1c7fcd3757d588df3",
                "sha256:19ec4cfe4b961edc249b0e04b5618666c23a83bc35842dea2bfd5dfa0157f81b",
                "sha256:1c3ff00110835bdda2b1e2b07f4a2548a39744bb7de5946dc8e95517c4fb2ca6",
                "sha256:27a330bf7014ee034046db43ccbb05c766aa9e70b8d6c5260bfc38d73103b0ba",
                "sha256:2b11c9d310a3522b0fd3c35667914271f570576a0e387701f370eb39d45f08a4",
                "sha256:2c661542c6f71dfd9dc82d9d29a8386287e82813b0375b3a02983feac69ef864",
                "sha256:2cde7a4d3687f21cffdf5bb171172070bb95e02af448c4c8b2f223d783214056",
                "sha256:2d5e9dc0bf1b5d9048a94c48d0813b6c96fccfa4ccf276d9c36308840f40c228",
                "sha256:2f23b2d3079522fdf3c09de6517f625f7a964f916c956527bed805ac043799b8",
                "sha256:35d27687f027ad25a8d0ef45dd5208ef044c588003cdcedf05afb00dbc5c2deb",
                "sha256:35d409030bf3bd05fa66fb5fdedc39c521b397f61ad04309c90444e893d05f7d",
                "sha256:4326ea1e2722f3dc00ed77c36d3b5354b8fb7399fb59230249ea6d59cbed90da",
                "sha256:4abc247b31a98f29e5224f2d31ef15f86a71f79c7f4d2ac345a5d551d6393073",
                "sha256:4d89a2e9219a526401015153c0e9dd48319ea6ab9fe3b066a20aa9aee23d9fd3",
                "sha256:4e59e99fd680e2b8b11bbd463f3c9450ab799305d5f2bafb74fefba6ac058616",
                "sha256:548794f99ff52a73a156771a0402f5e1c35285bd981046a502d7e4793e8facaa",
                "sha256:56fd98c8294f57636084f4b076b75f86c57b2a63a8410c0cd172bc93695ee979",
                "sha256:59697568a0455764a094585b2551fd76bfd6b959c9f92d4bdec9d0e14616303a",
                "sha256:6bff50ba9891be0a004ef48828e012babaaf7da204d81ab9be37480b9020a82b",
                "sha256:6cb3dd7f23b044b0737317f892d399f9e2f0b3a02b22b2c692851fb8120d82c6",
                "sha256:7dbfbc0020aa1d9bc1b0b8bcf255a7d73f4ad0336f8fd2533fcc54a4ccfb9441",
                "sha256:838eb85de6d9307c19c655c726f8d13b8b646f144ca6b3771fa62b711ebf7624",
                "sha256:8b68f565a4175e12e68ca900af8910e8fe48aaa48fd3ca853494f384e11c8bcd",
                "sha256:8f284dc1695caf71a74f24993b7c7473d77bc760be45f776a2c2f4e04c170550",
                "sha256:963ebdc5365d748185fdb06daf2ac758116deecb2277ec5ae98139f93844bc09",
                "sha256:a048dad5ed6ad1fad338c02c609b862dfaa921fcd065d747194a6805f91f2196",
                "sha256:a1bd983c565f92779be456ece2479840ec39d386007cd4ae83382646293d681b",
                "sha256:a66566f8a22561fc1a88dc87606c69b84fa9ce724f99522cf922c801ec68f5c1",
                "sha256:bcb04ff12e79b28be6c9988f275e7ab69f01cc2ba319fb3114f87817bb7c74b6",
                "sha256:bd24054aaf21e70a51e2a2a5ed1183560d3a69e6f9594a4bfe360a46f94eba83",
                "sha256:be25cb93442c6d2f8702c599b51184bd3ccd83adebd08886b682173e09ef0c3f",
                "sha256:c691b26283c3a31594683217d746f1dad59a7ae1d4cfc24626d7a064a11197d4",
                "sha256:cc9d0dec711c914ed500f1d0d3822868760954dce98dfb0b7382a854aee55d19",
                "sha256:ce2e5e04bb86da6187f96d7bab3f93a7877830981b37f0287dd6479e27a10341",
                "sha256:ce651ca46d0202c302a535d3047c55a0131a720cf554a578fc1b8a2aff0e7d96",
                "sha256:d0c8ebbfd439c37624db98f3877d9ed12c137cadd99dde2d2eae0dab0bbfc355",
                "sha256:d675a876b295afa114ca8bf42d7f86b5fb1298e1b6bb9a24405a3f6c8338811c",
                "sha256:dde3f3ed8d00c72631bc19cbfff8ad3b6215062a5eed402381ad365f82f0c18c",
                "sha256:e5a31c07cea5edbaeb4bdba6f2b87db7d3dc0f446f379d907e51cc70ea375629",
                "sha256:f514c2717012859ccb349c97862568fdc0479aad85b0270d6b5a6509dbc142e2",
                "sha256:fc0db32f7223b094964e71729c0361f93db43664dd1ec86d3df217853cedda87",
                "sha256:fd4fd83aa912d7b89b4b4a1580d30e2a4242f3936882a3f433586e5ab97ed0d5",
                "sha256:feb5db446e96bfecfec078b943cc07744cc759893cef045aa8b8b6d6aaa8274e"
            ],
            "index": "pypi",
            "version": "==8.3.2"
        },
        "pyparsing": {
            "hashes": [
                "sha256:c203ec8783bf771a155b207279b9bccb8dea02d8f0c9e5f8ead507bc3246ecc1",
                "sha256:ef9d7589ef3c200abe66653d3f1ab1033c3c419ae9b9bdb1240a85b024efc88b"
            ],
            "markers": "python_version >= '2.6' and python_version not in '3.0, 3.1, 3.2, 3.3'",
            "version": "==2.4.7"
        },
        "pyquil": {
            "hashes": [
                "sha256:3a5548eea6f272d9a7807e7b1696ce33d6700892c77811e35b49046a88a9b692"
            ],
            "index": "pypi",
            "version": "==2.28.0"
        },
        "python-dateutil": {
            "hashes": [
                "sha256:0123cacc1627ae19ddf3c27a5de5bd67ee4586fbdd6440d9748f8abb483d3e86",
                "sha256:961d03dc3453ebbc59dbdea9e4e11c5651520a876d0f4db161e8674aae935da9"
            ],
            "markers": "python_version >= '2.7' and python_version not in '3.0, 3.1, 3.2, 3.3'",
            "version": "==2.8.2"
        },
        "python-rapidjson": {
            "hashes": [
                "sha256:018c20d3983cccfdc9cfed64407d4ba861ef3d64fe324a486f7130431afdefa7",
                "sha256:1e6c6fc960dd175572c49d74b2f6c34c387bcf30e907f8cece890c2499ff9697",
                "sha256:2246b79078b65b25b11143cedc25da422f67f1083c3bcfc3b4255af4f24acad5",
                "sha256:28673273a4bf9cb397373c752eb4887dd66ae136c5643447b7a4685f9ddc97ab",
                "sha256:2f14001b02ae63e21627b6b1e56f9fb7e6e93c768a8c4da26f965c2686bf4c56",
                "sha256:306720c78997365036ffda265d4573f05ab0d97f533d7bc1e452ef7dd67943a3",
                "sha256:336f70822027a8ea4a7933bc7919c70d80136fe49853b98c30cb736290491989",
                "sha256:33821e628dbc862b58bc5e2aadc90e7fc8ae791750de4f08dfc6f0e9ee37da06",
                "sha256:4034a0d15299ba403d7bb1ac1fff8ff1e06294f8c2b732524baa0ddb8a6e8cd4",
                "sha256:4d529a6e0387c0a59e39718797b10020fc78563ae6e4173dbf4d90b8a58638ea",
                "sha256:52ed49e4fd31e8f3b756bfaf1d5668ab97edb3520c43a24be5ef3b5f463b0d24",
                "sha256:551cd555ce4fe682bb7dd87ee169eb7c8b49998c259eda29b488f691cd7948b8",
                "sha256:5e07f7a44250fcb2bf288c8f85015c4f9ece839f14a301a22c6dbc99eb8fdcd1",
                "sha256:63aec37ed6f239a42124bc4fef83d0544424ae4c3e7da6afdb6828f1fb0faa60",
                "sha256:6baed2701022bab10fa54ffe6a686b456e1c19b8c54acaed33da38550e8d0243",
                "sha256:7075d062645f04bbd571410aff10b9e3e5ed270893feabf94d3d20677668bfd7",
                "sha256:70bad2365480aabf7e0985cafe5182fd9dfda5604e62d2d69841b5cb2c7bb35f",
                "sha256:762ab3887ca39e8704ee942badfb1519e1f6aebc7ad3687b2f2416d7f98dfbd6",
                "sha256:7ab6a71cd4ba5037bb2292e5d66987119492cd08e8ae8fa6c1dd9e12acc41fb8",
                "sha256:7b5cc89740cfdc7815896e4a1912e252f8b489d9a763343e908ab0d8816e6f6f",
                "sha256:7d0dfdf7bc6bd4de03da9bdca6b6d2df6b3f59293bb276df061ddbac5234da90",
                "sha256:832bd0d1c88ebfaa7c1ea0fae17a6f797df2cc4ebe3a300361dfbca576abdebc",
                "sha256:8430eeb08ea9cb7f383aab2880c5da79a2e9526afd3b276645a81b0a7a3261e0",
                "sha256:8470e4c38eef9a14b8bf9413f1f0ef963f2a3d5f847c1aa7233eb5926fc46b76",
                "sha256:8e5ba36a1b47433f46503e27525c479ff32616a2c10e1582bca40d887dcfc390",
                "sha256:939793c3a5935a685f6aacaa01193cf72f2f3617d6d58d27e62c834d36514ab8",
                "sha256:a2ffb1715dabed64f74a925cfe50cd0d1c5b7f903163e01d5d50172834dcf3e2",
                "sha256:bed8dc1e3928c6030327bcbe8b0a004a5bf4e129c88474a4e5e0acea2ac0cbb0",
                "sha256:d809dcb409721ff5478ef103839e8f5e010ead7c5c036fac08486474d65b6f2c",
                "sha256:dc1eadf4304c2f1e20e87c415b8526d8d4247801b0e34f4d1e0e9cfcabd700f4",
                "sha256:f10f0b04c2bc13e734228830d302c27696e4e52ed912a5c26cbd06e5423be5f1",
                "sha256:f27534b3773378cebaed215156eefd5b15ee05f328caabf9ae180cec27d21cb3",
                "sha256:fa92ce9153734f14f19fb6999421d1af34bbe9f684a674bed3ee55b4943fd224"
            ],
            "markers": "python_version >= '3.6'",
            "version": "==1.4"
        },
        "pyzmq": {
            "hashes": [
                "sha256:021e22a8c58ab294bd4b96448a2ca4e716e1d76600192ff84c33d71edb1fbd37",
                "sha256:0471d634c7fe48ff7d3849798da6c16afc71676dd890b5ae08eb1efe735c6fec",
                "sha256:0d17bac19e934e9f547a8811b7c2a32651a7840f38086b924e2e3dcb2fae5c3a",
                "sha256:200ac096cee5499964c90687306a7244b79ef891f773ed4cf15019fd1f3df330",
                "sha256:240b83b3a8175b2f616f80092cbb019fcd5c18598f78ffc6aa0ae9034b300f14",
                "sha256:246f27b88722cfa729bb04881e94484e40b085720d728c1b05133b3f331b0b7b",
                "sha256:2534a036b777f957bd6b89b55fb2136775ca2659fb0f1c85036ba78d17d86fd5",
                "sha256:262f470e7acde18b7217aac78d19d2e29ced91a5afbeb7d98521ebf26461aa7e",
                "sha256:2dd3896b3c952cf6c8013deda53c1df16bf962f355b5503d23521e0f6403ae3d",
                "sha256:31c5dfb6df5148789835128768c01bf6402eb753d06f524f12f6786caf96fb44",
                "sha256:4842a8263cbaba6fce401bbe4e2b125321c401a01714e42624dabc554bfc2629",
                "sha256:50d007d5702171bc810c1e74498fa2c7bc5b50f9750697f7fd2a3e71a25aad91",
                "sha256:5933d1f4087de6e52906f72d92e1e4dcc630d371860b92c55d7f7a4b815a664c",
                "sha256:620b0abb813958cb3ecb5144c177e26cde92fee6f43c4b9de6b329515532bf27",
                "sha256:631f932fb1fa4b76f31adf976f8056519bc6208a3c24c184581c3dd5be15066e",
                "sha256:66375a6094af72a6098ed4403b15b4db6bf00013c6febc1baa832e7abda827f4",
                "sha256:6a5b4566f66d953601d0d47d4071897f550a265bafd52ebcad5ac7aad3838cbb",
                "sha256:6d18c76676771fd891ca8e0e68da0bbfb88e30129835c0ade748016adb3b6242",
                "sha256:6e9c030222893afa86881d7485d3e841969760a16004bd23e9a83cca28b42778",
                "sha256:89200ab6ef9081c72a04ed84c52a50b60dcb0655375aeedb40689bc7c934715e",
                "sha256:93705cb90baa9d6f75e8448861a1efd3329006f79095ab18846bd1eaa342f7c3",
                "sha256:a649065413ba4eab92a783a7caa4de8ce14cf46ba8a2a09951426143f1298adb",
                "sha256:ac4497e4b7d134ee53ce5532d9cc3b640d6e71806a55062984e0c99a2f88f465",
                "sha256:b2c16d20bd0aef8e57bc9505fdd80ea0d6008020c3740accd96acf1b3d1b5347",
                "sha256:b3f57bee62e36be5c97712de32237c5589caee0d1154c2ad01a888accfae20bc",
                "sha256:b4428302c389fffc0c9c07a78cad5376636b9d096f332acfe66b321ae9ff2c63",
                "sha256:b4a51c7d906dc263a0cc5590761e53e0a68f2c2fefe549cbef21c9ee5d2d98a4",
                "sha256:b921758f8b5098faa85f341bbdd5e36d5339de5e9032ca2b07d8c8e7bec5069b",
                "sha256:c1b6619ceb33a8907f1cb82ff8afc8a133e7a5f16df29528e919734718600426",
                "sha256:c9cb0bd3a3cb7ccad3caa1d7b0d18ba71ed3a4a3610028e506a4084371d4d223",
                "sha256:d60a407663b7c2af781ab7f49d94a3d379dd148bb69ea8d9dd5bc69adf18097c",
                "sha256:da7f7f3bb08bcf59a6b60b4e53dd8f08bb00c9e61045319d825a906dbb3c8fb7",
                "sha256:e66025b64c4724ba683d6d4a4e5ee23de12fe9ae683908f0c7f0f91b4a2fd94e",
                "sha256:ed67df4eaa99a20d162d76655bda23160abdf8abf82a17f41dfd3962e608dbcc",
                "sha256:f520e9fee5d7a2e09b051d924f85b977c6b4e224e56c0551c3c241bbeeb0ad8d",
                "sha256:f5c84c5de9a773bbf8b22c51e28380999ea72e5e85b4db8edf5e69a7a0d4d9f9",
                "sha256:ff345d48940c834168f81fa1d4724675099f148f1ab6369748c4d712ed71bf7c"
            ],
            "markers": "python_version >= '3.6'",
            "version": "==22.2.1"
        },
        "requests": {
            "hashes": [
                "sha256:6c1246513ecd5ecd4528a0906f910e8f0f9c6b8ec72030dc9fd154dc1a6efd24",
                "sha256:b8aa58f8cf793ffd8782d3d8cb19e66ef36f7aba4353eec859e74678b01b07a7"
            ],
            "markers": "python_version >= '2.7' and python_version not in '3.0, 3.1, 3.2, 3.3, 3.4, 3.5'",
            "version": "==2.26.0"
        },
        "rpcq": {
            "hashes": [
                "sha256:690c6e5ca8b2a6831c4f34e527b3adb276ce8656f43e851dfd90bc58961f5a69"
            ],
            "markers": "python_version >= '3.6'",
            "version": "==3.9.2"
        },
        "ruamel.yaml": {
            "hashes": [
                "sha256:1a771fc92d3823682b7f0893ad56cb5a5c87c48e62b5399d6f42c8759a583b33",
                "sha256:ea21da1198c4b41b8e7a259301cc9710d3b972bf8ba52f06218478e6802dd1f1"
            ],
            "markers": "python_version >= '3'",
            "version": "==0.17.16"
        },
        "ruamel.yaml.clib": {
            "hashes": [
                "sha256:0847201b767447fc33b9c235780d3aa90357d20dd6108b92be544427bea197dd",
                "sha256:1866cf2c284a03b9524a5cc00daca56d80057c5ce3cdc86a52020f4c720856f0",
                "sha256:31ea73e564a7b5fbbe8188ab8b334393e06d997914a4e184975348f204790277",
                "sha256:3fb9575a5acd13031c57a62cc7823e5d2ff8bc3835ba4d94b921b4e6ee664104",
                "sha256:4ff604ce439abb20794f05613c374759ce10e3595d1867764dd1ae675b85acbd",
                "sha256:72a2b8b2ff0a627496aad76f37a652bcef400fd861721744201ef1b45199ab78",
                "sha256:78988ed190206672da0f5d50c61afef8f67daa718d614377dcd5e3ed85ab4a99",
                "sha256:7b2927e92feb51d830f531de4ccb11b320255ee95e791022555971c466af4527",
                "sha256:7f7ecb53ae6848f959db6ae93bdff1740e651809780822270eab111500842a84",
                "sha256:825d5fccef6da42f3c8eccd4281af399f21c02b32d98e113dbc631ea6a6ecbc7",
                "sha256:846fc8336443106fe23f9b6d6b8c14a53d38cef9a375149d61f99d78782ea468",
                "sha256:89221ec6d6026f8ae859c09b9718799fea22c0e8da8b766b0b2c9a9ba2db326b",
                "sha256:9efef4aab5353387b07f6b22ace0867032b900d8e91674b5d8ea9150db5cae94",
                "sha256:a32f8d81ea0c6173ab1b3da956869114cae53ba1e9f72374032e33ba3118c233",
                "sha256:a49e0161897901d1ac9c4a79984b8410f450565bbad64dbfcbf76152743a0cdb",
                "sha256:ada3f400d9923a190ea8b59c8f60680c4ef8a4b0dfae134d2f2ff68429adfab5",
                "sha256:bf75d28fa071645c529b5474a550a44686821decebdd00e21127ef1fd566eabe",
                "sha256:cfdb9389d888c5b74af297e51ce357b800dd844898af9d4a547ffc143fa56751",
                "sha256:d67f273097c368265a7b81e152e07fb90ed395df6e552b9fa858c6d2c9f42502",
                "sha256:dc6a613d6c74eef5a14a214d433d06291526145431c3b964f5e16529b1842bed",
                "sha256:de9c6b8a1ba52919ae919f3ae96abb72b994dd0350226e28f3686cb4f142165c"
            ],
            "markers": "python_version < '3.10' and platform_python_implementation == 'CPython'",
            "version": "==0.2.6"
        },
        "scipy": {
            "hashes": [
                "sha256:03f1fd3574d544456325dae502facdf5c9f81cbfe12808a5e67a737613b7ba8c",
                "sha256:0c81ea1a95b4c9e0a8424cf9484b7b8fa7ef57169d7bcc0dfcfc23e3d7c81a12",
                "sha256:1fba8a214c89b995e3721670e66f7053da82e7e5d0fe6b31d8e4b19922a9315e",
                "sha256:37f4c2fb904c0ba54163e03993ce3544c9c5cde104bcf90614f17d85bdfbb431",
                "sha256:50e5bcd9d45262725e652611bb104ac0919fd25ecb78c22f5282afabd0b2e189",
                "sha256:6ca1058cb5bd45388041a7c3c11c4b2bd58867ac9db71db912501df77be2c4a4",
                "sha256:77f7a057724545b7e097bfdca5c6006bed8580768cd6621bb1330aedf49afba5",
                "sha256:816951e73d253a41fa2fd5f956f8e8d9ac94148a9a2039e7db56994520582bf2",
                "sha256:96620240b393d155097618bcd6935d7578e85959e55e3105490bbbf2f594c7ad",
                "sha256:993c86513272bc84c451349b10ee4376652ab21f312b0554fdee831d593b6c02",
                "sha256:adf7cee8e5c92b05f2252af498f77c7214a2296d009fc5478fc432c2f8fb953b",
                "sha256:bc52d4d70863141bb7e2f8fd4d98e41d77375606cde50af65f1243ce2d7853e8",
                "sha256:c1d3f771c19af00e1a36f749bd0a0690cc64632783383bc68f77587358feb5a4",
                "sha256:d744657c27c128e357de2f0fd532c09c84cd6e4933e8232895a872e67059ac37",
                "sha256:e3e9742bad925c421d39e699daa8d396c57535582cba90017d17f926b61c1552",
                "sha256:e547f84cd52343ac2d56df0ab08d3e9cc202338e7d09fafe286d6c069ddacb31",
                "sha256:e89091e6a8e211269e23f049473b2fde0c0e5ae0dd5bd276c3fc91b97da83480",
                "sha256:e9da33e21c9bc1b92c20b5328adb13e5f193b924c9b969cd700c8908f315aa59",
                "sha256:ffdfb09315896c6e9ac739bb6e13a19255b698c24e6b28314426fd40a1180822"
            ],
            "index": "pypi",
            "version": "==1.6.2"
        },
        "six": {
            "hashes": [
                "sha256:1e61c37477a1626458e36f7b1d82aa5c9b094fa4802892072e49de9c60c4c926",
                "sha256:8abb2f1d86890a2dfb989f9a77cfcfd3e47c2a354b01111771326f8aa26e0254"
            ],
            "markers": "python_version >= '2.7' and python_version not in '3.0, 3.1, 3.2, 3.3'",
            "version": "==1.16.0"
        },
        "urllib3": {
            "hashes": [
                "sha256:39fb8672126159acb139a7718dd10806104dec1e2f0f6c88aab05d17df10c8d4",
                "sha256:f57b4c16c62fa2760b7e3d97c35b255512fb6b59a259730f36ba32ce9f8e342f"
            ],
            "markers": "python_version >= '2.7' and python_version not in '3.0, 3.1, 3.2, 3.3, 3.4' and python_version < '4'",
            "version": "==1.26.6"
        }
    },
    "develop": {
        "autopep8": {
            "hashes": [
                "sha256:5454e6e9a3d02aae38f866eec0d9a7de4ab9f93c10a273fb0340f3d6d09f7514",
                "sha256:f01b06a6808bc31698db907761e5890eb2295e287af53f6693b39ce55454034a"
            ],
            "index": "pypi",
            "version": "==1.5.6"
        },
        "pycodestyle": {
            "hashes": [
                "sha256:514f76d918fcc0b55c6680472f0a37970994e07bbb80725808c17089be302068",
                "sha256:c389c1d06bf7904078ca03399a4816f974a1d590090fecea0c63ec26ebaf1cef"
            ],
            "markers": "python_version >= '2.7' and python_version not in '3.0, 3.1, 3.2, 3.3'",
            "version": "==2.7.0"
        },
        "toml": {
            "hashes": [
                "sha256:806143ae5bfb6a3c6e736a764057db0e6a0e05e338b5630894a5f779cabb4f9b",
                "sha256:b3bda1d108d5dd99f4a20d24d9c348e91c4db7ab1b749200bded2f839ccbe68f"
            ],
            "markers": "python_version >= '2.6' and python_version not in '3.0, 3.1, 3.2, 3.3'",
            "version": "==0.10.2"
        }
    }
}
